// !$*UTF8*$!
{
	archiveVersion = 1;
	classes = {
	};
	objectVersion = 56;
	objects = {

/* Begin PBXBuildFile section */
		2AF5164708EFC2C6A7DADBB6 /* OrbTrainingData.swift in Sources */ = {isa = PBXBuildFile; fileRef = 94BCFDCC44E9EDF80C89E4A9 /* OrbTrainingData.swift */; };
		652342D02D7044DF5025E58B /* NaturalLanguageDateParser.swift in Sources */ = {isa = PBXBuildFile; fileRef = 44848642EC0A262CA10FA74B /* NaturalLanguageDateParser.swift */; };
		68E7EA25302FC4762EF93F81 /* VoiceFeedback.swift in Sources */ = {isa = PBXBuildFile; fileRef = C948D3AD7B237B6D50377BFB /* VoiceFeedback.swift */; };
		70E573C1026038699CC2519C /* OrbManager+MLIntegration.swift in Sources */ = {isa = PBXBuildFile; fileRef = 28DA6E474E3DE144A88F9CF2 /* OrbManager+MLIntegration.swift */; };
		71347F2081894941A8C922AD /* TextSizePreference.swift in Sources */ = {isa = PBXBuildFile; fileRef = 89F59308ABA5458EAB88E186 /* TextSizePreference.swift */; };
		783A910656F83840C4FD12F5 /* TaskClassifier.swift in Sources */ = {isa = PBXBuildFile; fileRef = 27FE6EF598766CEC179C6A98 /* TaskClassifier.swift */; };
		A1234567890123456789012A /* NotchToDoApp.swift in Sources */ = {isa = PBXBuildFile; fileRef = A1234567890123456789012B /* NotchToDoApp.swift */; };
		A1234567890123456789012C /* AppDelegate.swift in Sources */ = {isa = PBXBuildFile; fileRef = A1234567890123456789012D /* AppDelegate.swift */; };
		A1234567890123456789013C /* NotchOverlayController.swift in Sources */ = {isa = PBXBuildFile; fileRef = A1234567890123456789013D /* NotchOverlayController.swift */; };
		A1234567890123456789013E /* MockWakeWordEngine.swift in Sources */ = {isa = PBXBuildFile; fileRef = A1234567890123456789013F /* MockWakeWordEngine.swift */; };
		A1234567890123456789014A /* MockSpeechRecognizer.swift in Sources */ = {isa = PBXBuildFile; fileRef = A1234567890123456789014B /* MockSpeechRecognizer.swift */; };
		A1234567890123456789014C /* IntentRouter.swift in Sources */ = {isa = PBXBuildFile; fileRef = A1234567890123456789014D /* IntentRouter.swift */; };
		A12345678901234567890160 /* ListenState.swift in Sources */ = {isa = PBXBuildFile; fileRef = A12345678901234567890161 /* ListenState.swift */; };
		A12345678901234567890162 /* NotchIndicatorView.swift in Sources */ = {isa = PBXBuildFile; fileRef = A12345678901234567890163 /* NotchIndicatorView.swift */; };
		A12345678901234567890164 /* OrbModels.swift in Sources */ = {isa = PBXBuildFile; fileRef = A12345678901234567890165 /* OrbModels.swift */; };
		A12345678901234567890166 /* TaskCardView.swift in Sources */ = {isa = PBXBuildFile; fileRef = A12345678901234567890167 /* TaskCardView.swift */; };
		A12345678901234567890168 /* TaskDetailView.swift in Sources */ = {isa = PBXBuildFile; fileRef = A12345678901234567890169 /* TaskDetailView.swift */; };
		A12345678901234567890170 /* FrameTicker.swift in Sources */ = {isa = PBXBuildFile; fileRef = A12345678901234567890171 /* FrameTicker.swift */; };
		A12345678901234567890172 /* GradientCache.swift in Sources */ = {isa = PBXBuildFile; fileRef = A12345678901234567890173 /* GradientCache.swift */; };
		A12345678901234567890174 /* SpringValue.swift in Sources */ = {isa = PBXBuildFile; fileRef = A12345678901234567890175 /* SpringValue.swift */; };
		A12345678901234567890176 /* SpeechCaptureBubbleView.swift in Sources */ = {isa = PBXBuildFile; fileRef = A12345678901234567890177 /* SpeechCaptureBubbleView.swift */; };
		A12345678901234567890178 /* IntentClassification.swift in Sources */ = {isa = PBXBuildFile; fileRef = A12345678901234567890179 /* IntentClassification.swift */; };
		A5BCFEB1E6376BBEA5B26E90 /* AdvancedIntentParser.swift in Sources */ = {isa = PBXBuildFile; fileRef = 33B4B34E9E9D0CA7C7C2828A /* AdvancedIntentParser.swift */; };
		B1234567890123456789018A /* RealSpeechRecognizer.swift in Sources */ = {isa = PBXBuildFile; fileRef = B1234567890123456789018B /* RealSpeechRecognizer.swift */; };
		B1234567890123456789018C /* RealWakeWordEngine.swift in Sources */ = {isa = PBXBuildFile; fileRef = B1234567890123456789018D /* RealWakeWordEngine.swift */; };
		B2234567890123456789018A /* AudioFeedback.swift in Sources */ = {isa = PBXBuildFile; fileRef = B2234567890123456789018B /* AudioFeedback.swift */; };
		B3234567890123456789018A /* NotchCompactPreview.swift in Sources */ = {isa = PBXBuildFile; fileRef = B3234567890123456789018B /* NotchCompactPreview.swift */; };
		B4099054B322707B521886D2 /* FuzzyOrbMatcher.swift in Sources */ = {isa = PBXBuildFile; fileRef = 5FCB30021D5819B6504BE6E7 /* FuzzyOrbMatcher.swift */; };
		B72560441C06A4AF2158060D /* EmbeddingGenerator.swift in Sources */ = {isa = PBXBuildFile; fileRef = 896AE4A3BFFDB7DEDF3767B0 /* EmbeddingGenerator.swift */; };
		C2AA00112233445566778899 /* PersistenceController.swift in Sources */ = {isa = PBXBuildFile; fileRef = C2AA00990011223344556677 /* PersistenceController.swift */; };
		C2AA0011223344556677889A /* OrbPersistenceStore.swift in Sources */ = {isa = PBXBuildFile; fileRef = C2AA00990011223344556678 /* OrbPersistenceStore.swift */; };
		C2AA0011223344556677889B /* NotchDataModel.xcdatamodeld in Sources */ = {isa = PBXBuildFile; fileRef = C2AA00990011223344556679 /* NotchDataModel.xcdatamodeld */; };
		C2AA0011223344556677889D /* OrbPersistenceData.swift in Sources */ = {isa = PBXBuildFile; fileRef = C2AA00990011223344556682 /* OrbPersistenceData.swift */; };
		C2D3E4F5A67890B1C2D3E4F5 /* DebugLogger.swift in Sources */ = {isa = PBXBuildFile; fileRef = A1234567890123456789017D /* DebugLogger.swift */; };
		D1E2F3A50123456789ABCDEF /* SpeechCaptureCoordinator.swift in Sources */ = {isa = PBXBuildFile; fileRef = D1E2F3A40123456789ABCDEF /* SpeechCaptureCoordinator.swift */; };
		D1E2F3B50123456789ABCDEF /* OverlayWindowManager.swift in Sources */ = {isa = PBXBuildFile; fileRef = D1E2F3B40123456789ABCDEF /* OverlayWindowManager.swift */; };
		D1E2F3C50123456789ABCDEF /* SemiCircleWithOrbsView.swift in Sources */ = {isa = PBXBuildFile; fileRef = D1E2F3C40123456789ABCDEF /* SemiCircleWithOrbsView.swift */; };
		D4F1C2B60000000000000001 /* IntentRouterTests.swift in Sources */ = {isa = PBXBuildFile; fileRef = D4F1C2B40000000000000002 /* IntentRouterTests.swift */; };
		E0AAA1112222333344445556 /* OrbEntity+CoreDataProperties.swift in Sources */ = {isa = PBXBuildFile; fileRef = E0AAA1112222333344445555 /* OrbEntity+CoreDataProperties.swift */; };
		E0AAA1112222333344446666 /* SupabaseService.swift in Sources */ = {isa = PBXBuildFile; fileRef = E0AAA1112222333344446665 /* SupabaseService.swift */; };
		E0AAA1112222333344447776 /* SupabaseEnvironment.swift in Sources */ = {isa = PBXBuildFile; fileRef = E0AAA1112222333344447775 /* SupabaseEnvironment.swift */; };
		E0AAA1112222333344448886 /* SupabaseSyncManager.swift in Sources */ = {isa = PBXBuildFile; fileRef = E0AAA1112222333344448885 /* SupabaseSyncManager.swift */; };
		E0AAA1112222333344449996 /* SyncOutboxItem+CoreDataProperties.swift in Sources */ = {isa = PBXBuildFile; fileRef = E0AAA1112222333344449995 /* SyncOutboxItem+CoreDataProperties.swift */; };
		E0AAA1112222333344450006 /* SyncOutboxOperation.swift in Sources */ = {isa = PBXBuildFile; fileRef = E0AAA1112222333344450005 /* SyncOutboxOperation.swift */; };
		E0AAA1112222333344450016 /* SupabaseNotifications.swift in Sources */ = {isa = PBXBuildFile; fileRef = E0AAA1112222333344450015 /* SupabaseNotifications.swift */; };
		E0AAA1112222333344450026 /* KeychainHelper.swift in Sources */ = {isa = PBXBuildFile; fileRef = E0AAA1112222333344450025 /* KeychainHelper.swift */; };
		E0AAA1112222333344450036 /* SupabaseAuthManager.swift in Sources */ = {isa = PBXBuildFile; fileRef = E0AAA1112222333344450035 /* SupabaseAuthManager.swift */; };
		E0AAA1112222333344450046 /* OrbEntity+CoreDataClass.swift in Sources */ = {isa = PBXBuildFile; fileRef = E0AAA1112222333344450045 /* OrbEntity+CoreDataClass.swift */; };
		E0AAA1112222333344450056 /* TaskEntity+CoreDataClass.swift in Sources */ = {isa = PBXBuildFile; fileRef = E0AAA1112222333344450055 /* TaskEntity+CoreDataClass.swift */; };
		E0AAA1112222333344450066 /* SyncOutboxItem+CoreDataClass.swift in Sources */ = {isa = PBXBuildFile; fileRef = E0AAA1112222333344450065 /* SyncOutboxItem+CoreDataClass.swift */; };
		E0AAA1112222333344450076 /* SupabaseOutboxPayloads.swift in Sources */ = {isa = PBXBuildFile; fileRef = E0AAA1112222333344450075 /* SupabaseOutboxPayloads.swift */; };
		E0AAA1112222333344450086 /* AuthWindowController.swift in Sources */ = {isa = PBXBuildFile; fileRef = E0AAA1112222333344450085 /* AuthWindowController.swift */; };
		E24B3C482EA785A40071EB1C /* Assets.xcassets in Resources */ = {isa = PBXBuildFile; fileRef = E24B3C472EA785A40071EB1C /* Assets.xcassets */; };
		F1A2B3C4D5E6F7A8B9C0D1E3 /* OnboardingViewController.swift in Sources */ = {isa = PBXBuildFile; fileRef = F1A2B3C4D5E6F7A8B9C0D1E2 /* OnboardingViewController.swift */; };
		F1A2B3C4D5E6F7A8B9C0D1E5 /* AppDelegate+DebugMenu.swift in Sources */ = {isa = PBXBuildFile; fileRef = F1A2B3C4D5E6F7A8B9C0D1E4 /* AppDelegate+DebugMenu.swift */; };
		F1A2B3C4D5E6F7A8B9C0D1E7 /* AppDelegate+VoiceSession.swift in Sources */ = {isa = PBXBuildFile; fileRef = F1A2B3C4D5E6F7A8B9C0D1E6 /* AppDelegate+VoiceSession.swift */; };
/* End PBXBuildFile section */

/* Begin PBXContainerItemProxy section */
		D4F1C2BE0000000000000001 /* PBXContainerItemProxy */ = {
			isa = PBXContainerItemProxy;
			containerPortal = A1234567890123456789016D /* Project object */;
			proxyType = 1;
			remoteGlobalIDString = A1234567890123456789015F;
			remoteInfo = NotchToDo;
		};
/* End PBXContainerItemProxy section */

/* Begin PBXFileReference section */
		0CB9D72873588AE8C6D9A12C /* TaskClassifierTests.swift */ = {isa = PBXFileReference; includeInIndex = 1; lastKnownFileType = sourcecode.swift; name = TaskClassifierTests.swift; path = NotchToDo/NotchToDo/ML/TaskClassifierTests.swift; sourceTree = "<group>"; };
		27FE6EF598766CEC179C6A98 /* TaskClassifier.swift */ = {isa = PBXFileReference; includeInIndex = 1; lastKnownFileType = sourcecode.swift; name = TaskClassifier.swift; path = NotchToDo/NotchToDo/ML/TaskClassifier.swift; sourceTree = "<group>"; };
		28DA6E474E3DE144A88F9CF2 /* OrbManager+MLIntegration.swift */ = {isa = PBXFileReference; includeInIndex = 1; lastKnownFileType = sourcecode.swift; name = "OrbManager+MLIntegration.swift"; path = "NotchToDo/NotchToDo/ML/OrbManager+MLIntegration.swift"; sourceTree = "<group>"; };
		33B4B34E9E9D0CA7C7C2828A /* AdvancedIntentParser.swift */ = {isa = PBXFileReference; includeInIndex = 1; lastKnownFileType = sourcecode.swift; name = AdvancedIntentParser.swift; path = NotchToDo/NotchToDo/NaturalLanguage/AdvancedIntentParser.swift; sourceTree = "<group>"; };
		44848642EC0A262CA10FA74B /* NaturalLanguageDateParser.swift */ = {isa = PBXFileReference; includeInIndex = 1; lastKnownFileType = sourcecode.swift; name = NaturalLanguageDateParser.swift; path = NotchToDo/NotchToDo/NaturalLanguage/NaturalLanguageDateParser.swift; sourceTree = "<group>"; };
		5FCB30021D5819B6504BE6E7 /* FuzzyOrbMatcher.swift */ = {isa = PBXFileReference; includeInIndex = 1; lastKnownFileType = sourcecode.swift; name = FuzzyOrbMatcher.swift; path = NotchToDo/NotchToDo/NaturalLanguage/FuzzyOrbMatcher.swift; sourceTree = "<group>"; };
		758330CA9CA4D5C396BE71E4 /* AdvancedIntentParserTests.swift */ = {isa = PBXFileReference; includeInIndex = 1; lastKnownFileType = sourcecode.swift; name = AdvancedIntentParserTests.swift; path = NotchToDo/NotchToDo/NaturalLanguage/AdvancedIntentParserTests.swift; sourceTree = "<group>"; };
		896AE4A3BFFDB7DEDF3767B0 /* EmbeddingGenerator.swift */ = {isa = PBXFileReference; includeInIndex = 1; lastKnownFileType = sourcecode.swift; name = EmbeddingGenerator.swift; path = NotchToDo/NotchToDo/ML/EmbeddingGenerator.swift; sourceTree = "<group>"; };
		89F59308ABA5458EAB88E186 /* TextSizePreference.swift */ = {isa = PBXFileReference; lastKnownFileType = sourcecode.swift; path = TextSizePreference.swift; sourceTree = "<group>"; };
		94BCFDCC44E9EDF80C89E4A9 /* OrbTrainingData.swift */ = {isa = PBXFileReference; includeInIndex = 1; lastKnownFileType = sourcecode.swift; name = OrbTrainingData.swift; path = NotchToDo/NotchToDo/ML/OrbTrainingData.swift; sourceTree = "<group>"; };
		A1234567890123456789012B /* NotchToDoApp.swift */ = {isa = PBXFileReference; lastKnownFileType = sourcecode.swift; path = NotchToDoApp.swift; sourceTree = "<group>"; };
		A1234567890123456789012D /* AppDelegate.swift */ = {isa = PBXFileReference; lastKnownFileType = sourcecode.swift; path = AppDelegate.swift; sourceTree = "<group>"; };
		A1234567890123456789013D /* NotchOverlayController.swift */ = {isa = PBXFileReference; lastKnownFileType = sourcecode.swift; path = NotchOverlayController.swift; sourceTree = "<group>"; };
		A1234567890123456789013F /* MockWakeWordEngine.swift */ = {isa = PBXFileReference; lastKnownFileType = sourcecode.swift; path = MockWakeWordEngine.swift; sourceTree = "<group>"; };
		A1234567890123456789014B /* MockSpeechRecognizer.swift */ = {isa = PBXFileReference; lastKnownFileType = sourcecode.swift; path = MockSpeechRecognizer.swift; sourceTree = "<group>"; };
		A1234567890123456789014D /* IntentRouter.swift */ = {isa = PBXFileReference; lastKnownFileType = sourcecode.swift; path = IntentRouter.swift; sourceTree = "<group>"; };
		A1234567890123456789014E /* NotchToDo.entitlements */ = {isa = PBXFileReference; lastKnownFileType = text.plist.entitlements; path = NotchToDo.entitlements; sourceTree = "<group>"; };
		A1234567890123456789014F /* Info.plist */ = {isa = PBXFileReference; lastKnownFileType = text.plist.xml; path = Info.plist; sourceTree = "<group>"; };
		A1234567890123456789015A /* NotchToDo.app */ = {isa = PBXFileReference; explicitFileType = wrapper.application; includeInIndex = 0; path = NotchToDo.app; sourceTree = BUILT_PRODUCTS_DIR; };
		A12345678901234567890161 /* ListenState.swift */ = {isa = PBXFileReference; lastKnownFileType = sourcecode.swift; path = ListenState.swift; sourceTree = "<group>"; };
		A12345678901234567890163 /* NotchIndicatorView.swift */ = {isa = PBXFileReference; lastKnownFileType = sourcecode.swift; path = Views/NotchIndicatorView.swift; sourceTree = "<group>"; };
		A12345678901234567890165 /* OrbModels.swift */ = {isa = PBXFileReference; lastKnownFileType = sourcecode.swift; path = Models/OrbModels.swift; sourceTree = "<group>"; };
		A12345678901234567890167 /* TaskCardView.swift */ = {isa = PBXFileReference; lastKnownFileType = sourcecode.swift; path = Views/TaskCardView.swift; sourceTree = "<group>"; };
		A12345678901234567890169 /* TaskDetailView.swift */ = {isa = PBXFileReference; lastKnownFileType = sourcecode.swift; path = Views/TaskDetailView.swift; sourceTree = "<group>"; };
		A12345678901234567890171 /* FrameTicker.swift */ = {isa = PBXFileReference; lastKnownFileType = sourcecode.swift; path = FrameTicker.swift; sourceTree = "<group>"; };
		A12345678901234567890173 /* GradientCache.swift */ = {isa = PBXFileReference; lastKnownFileType = sourcecode.swift; path = GradientCache.swift; sourceTree = "<group>"; };
		A12345678901234567890175 /* SpringValue.swift */ = {isa = PBXFileReference; lastKnownFileType = sourcecode.swift; path = SpringValue.swift; sourceTree = "<group>"; };
		A12345678901234567890177 /* SpeechCaptureBubbleView.swift */ = {isa = PBXFileReference; lastKnownFileType = sourcecode.swift; path = Views/SpeechCaptureBubbleView.swift; sourceTree = "<group>"; };
		A12345678901234567890179 /* IntentClassification.swift */ = {isa = PBXFileReference; lastKnownFileType = sourcecode.swift; path = IntentClassification.swift; sourceTree = "<group>"; };
		A1234567890123456789017D /* DebugLogger.swift */ = {isa = PBXFileReference; lastKnownFileType = sourcecode.swift; path = DebugLogger.swift; sourceTree = "<group>"; };
		B1234567890123456789018B /* RealSpeechRecognizer.swift */ = {isa = PBXFileReference; lastKnownFileType = sourcecode.swift; path = RealSpeechRecognizer.swift; sourceTree = "<group>"; };
		B1234567890123456789018D /* RealWakeWordEngine.swift */ = {isa = PBXFileReference; lastKnownFileType = sourcecode.swift; path = RealWakeWordEngine.swift; sourceTree = "<group>"; };
		B2234567890123456789018B /* AudioFeedback.swift */ = {isa = PBXFileReference; lastKnownFileType = sourcecode.swift; path = AudioFeedback.swift; sourceTree = "<group>"; };
		B3234567890123456789018B /* NotchCompactPreview.swift */ = {isa = PBXFileReference; lastKnownFileType = sourcecode.swift; path = NotchCompactPreview.swift; sourceTree = "<group>"; };
		C2AA00990011223344556677 /* PersistenceController.swift */ = {isa = PBXFileReference; lastKnownFileType = sourcecode.swift; path = PersistenceController.swift; sourceTree = "<group>"; };
		C2AA00990011223344556678 /* OrbPersistenceStore.swift */ = {isa = PBXFileReference; lastKnownFileType = sourcecode.swift; path = OrbPersistenceStore.swift; sourceTree = "<group>"; };
		C2AA00990011223344556679 /* NotchDataModel.xcdatamodeld */ = {isa = PBXFileReference; lastKnownFileType = wrapper.xcdatamodeld; path = NotchDataModel.xcdatamodeld; sourceTree = "<group>"; };
		C2AA00990011223344556682 /* OrbPersistenceData.swift */ = {isa = PBXFileReference; lastKnownFileType = sourcecode.swift; path = Models/OrbPersistenceData.swift; sourceTree = "<group>"; };
		C948D3AD7B237B6D50377BFB /* VoiceFeedback.swift */ = {isa = PBXFileReference; includeInIndex = 1; lastKnownFileType = sourcecode.swift; name = VoiceFeedback.swift; path = NotchToDo/NotchToDo/Voice/VoiceFeedback.swift; sourceTree = "<group>"; };
		D1E2F3A40123456789ABCDEF /* SpeechCaptureCoordinator.swift */ = {isa = PBXFileReference; lastKnownFileType = sourcecode.swift; path = SpeechCaptureCoordinator.swift; sourceTree = "<group>"; };
		D1E2F3B40123456789ABCDEF /* OverlayWindowManager.swift */ = {isa = PBXFileReference; lastKnownFileType = sourcecode.swift; path = OverlayWindowManager.swift; sourceTree = "<group>"; };
		D1E2F3C40123456789ABCDEF /* SemiCircleWithOrbsView.swift */ = {isa = PBXFileReference; lastKnownFileType = sourcecode.swift; path = Views/SemiCircleWithOrbsView.swift; sourceTree = "<group>"; };
		D4F1C2B30000000000000001 /* NotchToDoTests.xctest */ = {isa = PBXFileReference; explicitFileType = wrapper.cfbundle; includeInIndex = 0; path = NotchToDoTests.xctest; sourceTree = BUILT_PRODUCTS_DIR; };
		D4F1C2B40000000000000002 /* IntentRouterTests.swift */ = {isa = PBXFileReference; lastKnownFileType = sourcecode.swift; path = IntentRouterTests.swift; sourceTree = "<group>"; };
		E0AAA1112222333344445555 /* OrbEntity+CoreDataProperties.swift */ = {isa = PBXFileReference; lastKnownFileType = sourcecode.swift; path = "OrbEntity+CoreDataProperties.swift"; sourceTree = "<group>"; };
		E0AAA1112222333344446665 /* SupabaseService.swift */ = {isa = PBXFileReference; lastKnownFileType = sourcecode.swift; path = SupabaseService.swift; sourceTree = "<group>"; };
		E0AAA1112222333344447775 /* SupabaseEnvironment.swift */ = {isa = PBXFileReference; lastKnownFileType = sourcecode.swift; path = SupabaseEnvironment.swift; sourceTree = "<group>"; };
		E0AAA1112222333344448885 /* SupabaseSyncManager.swift */ = {isa = PBXFileReference; lastKnownFileType = sourcecode.swift; path = SupabaseSyncManager.swift; sourceTree = "<group>"; };
		E0AAA1112222333344449995 /* SyncOutboxItem+CoreDataProperties.swift */ = {isa = PBXFileReference; lastKnownFileType = sourcecode.swift; path = "SyncOutboxItem+CoreDataProperties.swift"; sourceTree = "<group>"; };
		E0AAA1112222333344450005 /* SyncOutboxOperation.swift */ = {isa = PBXFileReference; lastKnownFileType = sourcecode.swift; path = SyncOutboxOperation.swift; sourceTree = "<group>"; };
		E0AAA1112222333344450015 /* SupabaseNotifications.swift */ = {isa = PBXFileReference; lastKnownFileType = sourcecode.swift; path = SupabaseNotifications.swift; sourceTree = "<group>"; };
		E0AAA1112222333344450025 /* KeychainHelper.swift */ = {isa = PBXFileReference; lastKnownFileType = sourcecode.swift; path = Utilities/KeychainHelper.swift; sourceTree = "<group>"; };
		E0AAA1112222333344450035 /* SupabaseAuthManager.swift */ = {isa = PBXFileReference; lastKnownFileType = sourcecode.swift; path = SupabaseAuthManager.swift; sourceTree = "<group>"; };
		E0AAA1112222333344450045 /* OrbEntity+CoreDataClass.swift */ = {isa = PBXFileReference; lastKnownFileType = sourcecode.swift; path = "OrbEntity+CoreDataClass.swift"; sourceTree = "<group>"; };
		E0AAA1112222333344450055 /* TaskEntity+CoreDataClass.swift */ = {isa = PBXFileReference; lastKnownFileType = sourcecode.swift; path = "TaskEntity+CoreDataClass.swift"; sourceTree = "<group>"; };
		E0AAA1112222333344450065 /* SyncOutboxItem+CoreDataClass.swift */ = {isa = PBXFileReference; lastKnownFileType = sourcecode.swift; path = "SyncOutboxItem+CoreDataClass.swift"; sourceTree = "<group>"; };
		E0AAA1112222333344450075 /* SupabaseOutboxPayloads.swift */ = {isa = PBXFileReference; lastKnownFileType = sourcecode.swift; path = SupabaseOutboxPayloads.swift; sourceTree = "<group>"; };
		E0AAA1112222333344450085 /* AuthWindowController.swift */ = {isa = PBXFileReference; lastKnownFileType = sourcecode.swift; path = AuthWindowController.swift; sourceTree = "<group>"; };
		E24B3C472EA785A40071EB1C /* Assets.xcassets */ = {isa = PBXFileReference; lastKnownFileType = folder.assetcatalog; path = Assets.xcassets; sourceTree = "<group>"; };
		F1A2B3C4D5E6F7A8B9C0D1E2 /* OnboardingViewController.swift */ = {isa = PBXFileReference; lastKnownFileType = sourcecode.swift; path = OnboardingViewController.swift; sourceTree = "<group>"; };
		F1A2B3C4D5E6F7A8B9C0D1E4 /* AppDelegate+DebugMenu.swift */ = {isa = PBXFileReference; lastKnownFileType = sourcecode.swift; path = "AppDelegate+DebugMenu.swift"; sourceTree = "<group>"; };
		F1A2B3C4D5E6F7A8B9C0D1E6 /* AppDelegate+VoiceSession.swift */ = {isa = PBXFileReference; lastKnownFileType = sourcecode.swift; path = "AppDelegate+VoiceSession.swift"; sourceTree = "<group>"; };
/* End PBXFileReference section */

/* Begin PBXFrameworksBuildPhase section */
		A1234567890123456789015B /* Frameworks */ = {
			isa = PBXFrameworksBuildPhase;
			buildActionMask = 2147483647;
			files = (
			);
			runOnlyForDeploymentPostprocessing = 0;
		};
		D4F1C2B80000000000000001 /* Frameworks */ = {
			isa = PBXFrameworksBuildPhase;
			buildActionMask = 2147483647;
			files = (
			);
			runOnlyForDeploymentPostprocessing = 0;
		};
/* End PBXFrameworksBuildPhase section */

/* Begin PBXGroup section */
		01971DCCCA64B7B40A17D932 /* ML */ = {
			isa = PBXGroup;
			children = (
				27FE6EF598766CEC179C6A98 /* TaskClassifier.swift */,
				896AE4A3BFFDB7DEDF3767B0 /* EmbeddingGenerator.swift */,
				94BCFDCC44E9EDF80C89E4A9 /* OrbTrainingData.swift */,
				28DA6E474E3DE144A88F9CF2 /* OrbManager+MLIntegration.swift */,
				0CB9D72873588AE8C6D9A12C /* TaskClassifierTests.swift */,
			);
			name = ML;
			path = ML;
			sourceTree = "<group>";
		};
		29B935E2EEFE6BBFA721B2A0 /* Voice */ = {
			isa = PBXGroup;
			children = (
				C948D3AD7B237B6D50377BFB /* VoiceFeedback.swift */,
			);
			name = Voice;
			path = Voice;
			sourceTree = "<group>";
		};
		A1234567890123456789015C = {
			isa = PBXGroup;
			children = (
				A1234567890123456789015D /* NotchToDo */,
				D4F1C2B40000000000000003 /* NotchToDoTests */,
				A1234567890123456789015E /* Products */,
			);
			sourceTree = "<group>";
		};
		A1234567890123456789015D /* NotchToDo */ = {
			isa = PBXGroup;
			children = (
				A1234567890123456789012B /* NotchToDoApp.swift */,
				E24B3C472EA785A40071EB1C /* Assets.xcassets */,
				A1234567890123456789012D /* AppDelegate.swift */,
				F1A2B3C4D5E6F7A8B9C0D1E4 /* AppDelegate+DebugMenu.swift */,
				F1A2B3C4D5E6F7A8B9C0D1E6 /* AppDelegate+VoiceSession.swift */,
				F1A2B3C4D5E6F7A8B9C0D1E2 /* OnboardingViewController.swift */,
				A12345678901234567890161 /* ListenState.swift */,
				A12345678901234567890163 /* NotchIndicatorView.swift */,
				A12345678901234567890165 /* OrbModels.swift */,
				C2AA00990011223344556682 /* OrbPersistenceData.swift */,
				A12345678901234567890167 /* TaskCardView.swift */,
				A12345678901234567890169 /* TaskDetailView.swift */,
				A12345678901234567890177 /* SpeechCaptureBubbleView.swift */,
				A12345678901234567890173 /* GradientCache.swift */,
				A12345678901234567890175 /* SpringValue.swift */,
				A12345678901234567890171 /* FrameTicker.swift */,
				A1234567890123456789013D /* NotchOverlayController.swift */,
				A1234567890123456789013F /* MockWakeWordEngine.swift */,
				A1234567890123456789014B /* MockSpeechRecognizer.swift */,
				B2234567890123456789018B /* AudioFeedback.swift */,
				89F59308ABA5458EAB88E186 /* TextSizePreference.swift */,
				E0AAA1112222333344450025 /* KeychainHelper.swift */,
				D1E2F3A40123456789ABCDEF /* SpeechCaptureCoordinator.swift */,
				D1E2F3B40123456789ABCDEF /* OverlayWindowManager.swift */,
				B1234567890123456789018B /* RealSpeechRecognizer.swift */,
				B1234567890123456789018D /* RealWakeWordEngine.swift */,
				B3234567890123456789018B /* NotchCompactPreview.swift */,
				A1234567890123456789017D /* DebugLogger.swift */,
				A12345678901234567890179 /* IntentClassification.swift */,
				D1E2F3C40123456789ABCDEF /* SemiCircleWithOrbsView.swift */,
				A1234567890123456789014D /* IntentRouter.swift */,
				C2AA00990011223344556680 /* Persistence */,
				E0AAA1112222333344449990 /* Supabase */,
				E0AAA1112222333344450080 /* Auth */,
				C2AA00990011223344556679 /* NotchDataModel.xcdatamodeld */,
				A1234567890123456789014E /* NotchToDo.entitlements */,
				A1234567890123456789014F /* Info.plist */,
				E77421372105F97E212630ED /* NotchToDo */,
			);
			path = NotchToDo;
			sourceTree = "<group>";
		};
		A1234567890123456789015E /* Products */ = {
			isa = PBXGroup;
			children = (
				A1234567890123456789015A /* NotchToDo.app */,
				D4F1C2B30000000000000001 /* NotchToDoTests.xctest */,
			);
			name = Products;
			sourceTree = "<group>";
		};
		C2AA00990011223344556680 /* Persistence */ = {
			isa = PBXGroup;
			children = (
				C2AA00990011223344556677 /* PersistenceController.swift */,
				C2AA00990011223344556678 /* OrbPersistenceStore.swift */,
				E0AAA1112222333344450045 /* OrbEntity+CoreDataClass.swift */,
				E0AAA1112222333344450055 /* TaskEntity+CoreDataClass.swift */,
				E0AAA1112222333344445555 /* OrbEntity+CoreDataProperties.swift */,
			);
			path = Persistence;
			sourceTree = "<group>";
		};
		D4F1C2B40000000000000003 /* NotchToDoTests */ = {
			isa = PBXGroup;
			children = (
				D4F1C2B40000000000000002 /* IntentRouterTests.swift */,
			);
			path = NotchToDoTests;
			sourceTree = "<group>";
		};
		E0AAA1112222333344449990 /* Supabase */ = {
			isa = PBXGroup;
			children = (
				E0AAA1112222333344446665 /* SupabaseService.swift */,
				E0AAA1112222333344447775 /* SupabaseEnvironment.swift */,
				E0AAA1112222333344448885 /* SupabaseSyncManager.swift */,
				E0AAA1112222333344450075 /* SupabaseOutboxPayloads.swift */,
				E0AAA1112222333344450065 /* SyncOutboxItem+CoreDataClass.swift */,
				E0AAA1112222333344449995 /* SyncOutboxItem+CoreDataProperties.swift */,
				E0AAA1112222333344450005 /* SyncOutboxOperation.swift */,
				E0AAA1112222333344450015 /* SupabaseNotifications.swift */,
				E0AAA1112222333344450035 /* SupabaseAuthManager.swift */,
			);
			path = Supabase;
			sourceTree = "<group>";
		};
		E0AAA1112222333344450080 /* Auth */ = {
			isa = PBXGroup;
			children = (
				E0AAA1112222333344450085 /* AuthWindowController.swift */,
			);
			path = Auth;
			sourceTree = "<group>";
		};
		E77421372105F97E212630ED /* NotchToDo */ = {
			isa = PBXGroup;
			children = (
				01971DCCCA64B7B40A17D932 /* ML */,
				FC7F6670AFC52E74AA39B744 /* NaturalLanguage */,
				29B935E2EEFE6BBFA721B2A0 /* Voice */,
			);
			name = NotchToDo;
			sourceTree = "<group>";
		};
		FC7F6670AFC52E74AA39B744 /* NaturalLanguage */ = {
			isa = PBXGroup;
			children = (
				33B4B34E9E9D0CA7C7C2828A /* AdvancedIntentParser.swift */,
				44848642EC0A262CA10FA74B /* NaturalLanguageDateParser.swift */,
				5FCB30021D5819B6504BE6E7 /* FuzzyOrbMatcher.swift */,
				758330CA9CA4D5C396BE71E4 /* AdvancedIntentParserTests.swift */,
			);
			name = NaturalLanguage;
			path = NaturalLanguage;
			sourceTree = "<group>";
		};
/* End PBXGroup section */

/* Begin PBXNativeTarget section */
		A1234567890123456789015F /* NotchToDo */ = {
			isa = PBXNativeTarget;
			buildConfigurationList = A1234567890123456789016A /* Build configuration list for PBXNativeTarget "NotchToDo" */;
			buildPhases = (
				A1234567890123456789016B /* Sources */,
				A1234567890123456789015B /* Frameworks */,
				A1234567890123456789016C /* Resources */,
			);
			buildRules = (
			);
			dependencies = (
			);
			name = NotchToDo;
			productName = NotchToDo;
			productReference = A1234567890123456789015A /* NotchToDo.app */;
			productType = "com.apple.product-type.application";
		};
		D4F1C2BA0000000000000001 /* NotchToDoTests */ = {
			isa = PBXNativeTarget;
			buildConfigurationList = D4F1C2BB0000000000000001 /* Build configuration list for PBXNativeTarget "NotchToDoTests" */;
			buildPhases = (
				D4F1C2B70000000000000001 /* Sources */,
				D4F1C2B80000000000000001 /* Frameworks */,
				D4F1C2B90000000000000001 /* Resources */,
			);
			buildRules = (
			);
			dependencies = (
				D4F1C2BF0000000000000001 /* PBXTargetDependency */,
			);
			name = NotchToDoTests;
			productName = NotchToDoTests;
			productReference = D4F1C2B30000000000000001 /* NotchToDoTests.xctest */;
			productType = "com.apple.product-type.bundle.unit-test";
		};
/* End PBXNativeTarget section */

/* Begin PBXProject section */
		A1234567890123456789016D /* Project object */ = {
			isa = PBXProject;
			attributes = {
				BuildIndependentTargetsInParallel = 1;
				LastSwiftUpdateCheck = 1600;
				LastUpgradeCheck = 2600;
				TargetAttributes = {
					A1234567890123456789015F = {
						CreatedOnToolsVersion = 16.0;
					};
					D4F1C2BA0000000000000001 = {
						CreatedOnToolsVersion = 16.0;
					};
				};
			};
			buildConfigurationList = A1234567890123456789016E /* Build configuration list for PBXProject "NotchToDo" */;
			compatibilityVersion = "Xcode 14.0";
			developmentRegion = en;
			hasScannedForEncodings = 0;
			knownRegions = (
				en,
				Base,
			);
			mainGroup = A1234567890123456789015C;
			productRefGroup = A1234567890123456789015E /* Products */;
			projectDirPath = "";
			projectRoot = "";
			targets = (
				A1234567890123456789015F /* NotchToDo */,
				D4F1C2BA0000000000000001 /* NotchToDoTests */,
			);
		};
/* End PBXProject section */

/* Begin PBXResourcesBuildPhase section */
		A1234567890123456789016C /* Resources */ = {
			isa = PBXResourcesBuildPhase;
			buildActionMask = 2147483647;
			files = (
				E24B3C482EA785A40071EB1C /* Assets.xcassets in Resources */,
			);
			runOnlyForDeploymentPostprocessing = 0;
		};
		D4F1C2B90000000000000001 /* Resources */ = {
			isa = PBXResourcesBuildPhase;
			buildActionMask = 2147483647;
			files = (
			);
			runOnlyForDeploymentPostprocessing = 0;
		};
/* End PBXResourcesBuildPhase section */

/* Begin PBXSourcesBuildPhase section */
		A1234567890123456789016B /* Sources */ = {
			isa = PBXSourcesBuildPhase;
			buildActionMask = 2147483647;
			files = (
				A1234567890123456789012A /* NotchToDoApp.swift in Sources */,
				A1234567890123456789012C /* AppDelegate.swift in Sources */,
				F1A2B3C4D5E6F7A8B9C0D1E3 /* OnboardingViewController.swift in Sources */,
				F1A2B3C4D5E6F7A8B9C0D1E5 /* AppDelegate+DebugMenu.swift in Sources */,
				F1A2B3C4D5E6F7A8B9C0D1E7 /* AppDelegate+VoiceSession.swift in Sources */,
				A12345678901234567890160 /* ListenState.swift in Sources */,
				A12345678901234567890162 /* NotchIndicatorView.swift in Sources */,
				A12345678901234567890164 /* OrbModels.swift in Sources */,
				A12345678901234567890166 /* TaskCardView.swift in Sources */,
				A12345678901234567890170 /* FrameTicker.swift in Sources */,
				A12345678901234567890174 /* SpringValue.swift in Sources */,
				A12345678901234567890172 /* GradientCache.swift in Sources */,
				A12345678901234567890176 /* SpeechCaptureBubbleView.swift in Sources */,
				A12345678901234567890168 /* TaskDetailView.swift in Sources */,
				A1234567890123456789013C /* NotchOverlayController.swift in Sources */,
				A1234567890123456789013E /* MockWakeWordEngine.swift in Sources */,
				A1234567890123456789014A /* MockSpeechRecognizer.swift in Sources */,
				B2234567890123456789018A /* AudioFeedback.swift in Sources */,
				71347F2081894941A8C922AD /* TextSizePreference.swift in Sources */,
				D1E2F3A50123456789ABCDEF /* SpeechCaptureCoordinator.swift in Sources */,
				D1E2F3B50123456789ABCDEF /* OverlayWindowManager.swift in Sources */,
				B1234567890123456789018A /* RealSpeechRecognizer.swift in Sources */,
				B1234567890123456789018C /* RealWakeWordEngine.swift in Sources */,
				B3234567890123456789018A /* NotchCompactPreview.swift in Sources */,
				A12345678901234567890178 /* IntentClassification.swift in Sources */,
				D1E2F3C50123456789ABCDEF /* SemiCircleWithOrbsView.swift in Sources */,
				C2D3E4F5A67890B1C2D3E4F5 /* DebugLogger.swift in Sources */,
				A1234567890123456789014C /* IntentRouter.swift in Sources */,
				C2AA00112233445566778899 /* PersistenceController.swift in Sources */,
				C2AA0011223344556677889A /* OrbPersistenceStore.swift in Sources */,
				E0AAA1112222333344450046 /* OrbEntity+CoreDataClass.swift in Sources */,
				E0AAA1112222333344450056 /* TaskEntity+CoreDataClass.swift in Sources */,
				E0AAA1112222333344445556 /* OrbEntity+CoreDataProperties.swift in Sources */,
				E0AAA1112222333344446666 /* SupabaseService.swift in Sources */,
				E0AAA1112222333344447776 /* SupabaseEnvironment.swift in Sources */,
				E0AAA1112222333344448886 /* SupabaseSyncManager.swift in Sources */,
				E0AAA1112222333344449996 /* SyncOutboxItem+CoreDataProperties.swift in Sources */,
				E0AAA1112222333344450006 /* SyncOutboxOperation.swift in Sources */,
				E0AAA1112222333344450016 /* SupabaseNotifications.swift in Sources */,
				E0AAA1112222333344450026 /* KeychainHelper.swift in Sources */,
				E0AAA1112222333344450036 /* SupabaseAuthManager.swift in Sources */,
				E0AAA1112222333344450066 /* SyncOutboxItem+CoreDataClass.swift in Sources */,
				E0AAA1112222333344450076 /* SupabaseOutboxPayloads.swift in Sources */,
				E0AAA1112222333344450086 /* AuthWindowController.swift in Sources */,
				C2AA0011223344556677889B /* NotchDataModel.xcdatamodeld in Sources */,
				C2AA0011223344556677889D /* OrbPersistenceData.swift in Sources */,
				783A910656F83840C4FD12F5 /* TaskClassifier.swift in Sources */,
				B72560441C06A4AF2158060D /* EmbeddingGenerator.swift in Sources */,
				2AF5164708EFC2C6A7DADBB6 /* OrbTrainingData.swift in Sources */,
				70E573C1026038699CC2519C /* OrbManager+MLIntegration.swift in Sources */,
				A5BCFEB1E6376BBEA5B26E90 /* AdvancedIntentParser.swift in Sources */,
				652342D02D7044DF5025E58B /* NaturalLanguageDateParser.swift in Sources */,
				B4099054B322707B521886D2 /* FuzzyOrbMatcher.swift in Sources */,
				68E7EA25302FC4762EF93F81 /* VoiceFeedback.swift in Sources */,
			);
			runOnlyForDeploymentPostprocessing = 0;
		};
		D4F1C2B70000000000000001 /* Sources */ = {
			isa = PBXSourcesBuildPhase;
			buildActionMask = 2147483647;
			files = (
				D4F1C2B60000000000000001 /* IntentRouterTests.swift in Sources */,
			);
			runOnlyForDeploymentPostprocessing = 0;
		};
/* End PBXSourcesBuildPhase section */

/* Begin PBXTargetDependency section */
		D4F1C2BF0000000000000001 /* PBXTargetDependency */ = {
			isa = PBXTargetDependency;
			target = A1234567890123456789015F /* NotchToDo */;
			targetProxy = D4F1C2BE0000000000000001 /* PBXContainerItemProxy */;
		};
/* End PBXTargetDependency section */

/* Begin XCBuildConfiguration section */
		A1234567890123456789016F /* Debug */ = {
			isa = XCBuildConfiguration;
			buildSettings = {
				ALWAYS_SEARCH_USER_PATHS = NO;
				ASSETCATALOG_COMPILER_GENERATE_SWIFT_ASSET_SYMBOL_EXTENSIONS = YES;
				CLANG_ANALYZER_NONNULL = YES;
				CLANG_ANALYZER_NUMBER_OBJECT_CONVERSION = YES_AGGRESSIVE;
				CLANG_CXX_LANGUAGE_STANDARD = "gnu++20";
				CLANG_ENABLE_MODULES = YES;
				CLANG_ENABLE_OBJC_ARC = YES;
				CLANG_ENABLE_OBJC_WEAK = YES;
				CLANG_WARN_BLOCK_CAPTURE_AUTORELEASING = YES;
				CLANG_WARN_BOOL_CONVERSION = YES;
				CLANG_WARN_COMMA = YES;
				CLANG_WARN_CONSTANT_CONVERSION = YES;
				CLANG_WARN_DEPRECATED_OBJC_IMPLEMENTATIONS = YES;
				CLANG_WARN_DIRECT_OBJC_ISA_USAGE = YES_ERROR;
				CLANG_WARN_DOCUMENTATION_COMMENTS = YES;
				CLANG_WARN_EMPTY_BODY = YES;
				CLANG_WARN_ENUM_CONVERSION = YES;
				CLANG_WARN_INFINITE_RECURSION = YES;
				CLANG_WARN_INT_CONVERSION = YES;
				CLANG_WARN_NON_LITERAL_NULL_CONVERSION = YES;
				CLANG_WARN_OBJC_IMPLICIT_RETAIN_SELF = YES;
				CLANG_WARN_OBJC_LITERAL_CONVERSION = YES;
				CLANG_WARN_OBJC_ROOT_CLASS = YES_ERROR;
				CLANG_WARN_QUOTED_INCLUDE_IN_FRAMEWORK_HEADER = YES;
				CLANG_WARN_RANGE_LOOP_ANALYSIS = YES;
				CLANG_WARN_STRICT_PROTOTYPES = YES;
				CLANG_WARN_SUSPICIOUS_MOVE = YES;
				CLANG_WARN_UNGUARDED_AVAILABILITY = YES_AGGRESSIVE;
				CLANG_WARN_UNREACHABLE_CODE = YES;
				CLANG_WARN__DUPLICATE_METHOD_MATCH = YES;
				COPY_PHASE_STRIP = NO;
				DEAD_CODE_STRIPPING = YES;
				DEBUG_INFORMATION_FORMAT = dwarf;
				ENABLE_STRICT_OBJC_MSGSEND = YES;
				ENABLE_TESTABILITY = YES;
				ENABLE_USER_SCRIPT_SANDBOXING = YES;
				GCC_C_LANGUAGE_STANDARD = gnu17;
				GCC_DYNAMIC_NO_PIC = NO;
				GCC_NO_COMMON_BLOCKS = YES;
				GCC_OPTIMIZATION_LEVEL = 0;
				GCC_PREPROCESSOR_DEFINITIONS = (
					"DEBUG=1",
					"$(inherited)",
				);
				GCC_WARN_64_TO_32_BIT_CONVERSION = YES;
				GCC_WARN_ABOUT_RETURN_TYPE = YES_ERROR;
				GCC_WARN_UNDECLARED_SELECTOR = YES;
				GCC_WARN_UNINITIALIZED_AUTOS = YES_AGGRESSIVE;
				GCC_WARN_UNUSED_FUNCTION = YES;
				GCC_WARN_UNUSED_VARIABLE = YES;
				LOCALIZATION_PREFERS_STRING_CATALOGS = YES;
				MACOSX_DEPLOYMENT_TARGET = 13.0;
				MTL_ENABLE_DEBUG_INFO = INCLUDE_SOURCE;
				MTL_FAST_MATH = YES;
				ONLY_ACTIVE_ARCH = YES;
				SDKROOT = macosx;
				STRING_CATALOG_GENERATE_SYMBOLS = YES;
				SWIFT_ACTIVE_COMPILATION_CONDITIONS = "DEBUG $(inherited)";
				SWIFT_OPTIMIZATION_LEVEL = "-Onone";
				SWIFT_VERSION = 5.10;
			};
			name = Debug;
		};
		A1234567890123456789017A /* Release */ = {
			isa = XCBuildConfiguration;
			buildSettings = {
				ALWAYS_SEARCH_USER_PATHS = NO;
				ASSETCATALOG_COMPILER_GENERATE_SWIFT_ASSET_SYMBOL_EXTENSIONS = YES;
				CLANG_ANALYZER_NONNULL = YES;
				CLANG_ANALYZER_NUMBER_OBJECT_CONVERSION = YES_AGGRESSIVE;
				CLANG_CXX_LANGUAGE_STANDARD = "gnu++20";
				CLANG_ENABLE_MODULES = YES;
				CLANG_ENABLE_OBJC_ARC = YES;
				CLANG_ENABLE_OBJC_WEAK = YES;
				CLANG_WARN_BLOCK_CAPTURE_AUTORELEASING = YES;
				CLANG_WARN_BOOL_CONVERSION = YES;
				CLANG_WARN_COMMA = YES;
				CLANG_WARN_CONSTANT_CONVERSION = YES;
				CLANG_WARN_DEPRECATED_OBJC_IMPLEMENTATIONS = YES;
				CLANG_WARN_DIRECT_OBJC_ISA_USAGE = YES_ERROR;
				CLANG_WARN_DOCUMENTATION_COMMENTS = YES;
				CLANG_WARN_EMPTY_BODY = YES;
				CLANG_WARN_ENUM_CONVERSION = YES;
				CLANG_WARN_INFINITE_RECURSION = YES;
				CLANG_WARN_INT_CONVERSION = YES;
				CLANG_WARN_NON_LITERAL_NULL_CONVERSION = YES;
				CLANG_WARN_OBJC_IMPLICIT_RETAIN_SELF = YES;
				CLANG_WARN_OBJC_LITERAL_CONVERSION = YES;
				CLANG_WARN_OBJC_ROOT_CLASS = YES_ERROR;
				CLANG_WARN_QUOTED_INCLUDE_IN_FRAMEWORK_HEADER = YES;
				CLANG_WARN_RANGE_LOOP_ANALYSIS = YES;
				CLANG_WARN_STRICT_PROTOTYPES = YES;
				CLANG_WARN_SUSPICIOUS_MOVE = YES;
				CLANG_WARN_UNGUARDED_AVAILABILITY = YES_AGGRESSIVE;
				CLANG_WARN_UNREACHABLE_CODE = YES;
				CLANG_WARN__DUPLICATE_METHOD_MATCH = YES;
				COPY_PHASE_STRIP = NO;
				DEAD_CODE_STRIPPING = YES;
				DEBUG_INFORMATION_FORMAT = "dwarf-with-dsym";
				ENABLE_NS_ASSERTIONS = NO;
				ENABLE_STRICT_OBJC_MSGSEND = YES;
				ENABLE_USER_SCRIPT_SANDBOXING = YES;
				GCC_C_LANGUAGE_STANDARD = gnu17;
				GCC_NO_COMMON_BLOCKS = YES;
				GCC_WARN_64_TO_32_BIT_CONVERSION = YES;
				GCC_WARN_ABOUT_RETURN_TYPE = YES_ERROR;
				GCC_WARN_UNDECLARED_SELECTOR = YES;
				GCC_WARN_UNINITIALIZED_AUTOS = YES_AGGRESSIVE;
				GCC_WARN_UNUSED_FUNCTION = YES;
				GCC_WARN_UNUSED_VARIABLE = YES;
				LOCALIZATION_PREFERS_STRING_CATALOGS = YES;
				MACOSX_DEPLOYMENT_TARGET = 13.0;
				MTL_ENABLE_DEBUG_INFO = NO;
				MTL_FAST_MATH = YES;
				SDKROOT = macosx;
				STRING_CATALOG_GENERATE_SYMBOLS = YES;
				SWIFT_COMPILATION_MODE = wholemodule;
				SWIFT_OPTIMIZATION_LEVEL = "-O";
				SWIFT_VERSION = 5.10;
			};
			name = Release;
		};
		A1234567890123456789017B /* Debug */ = {
			isa = XCBuildConfiguration;
			buildSettings = {
				ASSETCATALOG_COMPILER_APPICON_NAME = AppIcon;
				ASSETCATALOG_COMPILER_GLOBAL_ACCENT_COLOR_NAME = AccentColor;
				CODE_SIGN_ENTITLEMENTS = NotchToDo/NotchToDo.entitlements;
				CODE_SIGN_IDENTITY = "Apple Development";
				CODE_SIGN_STYLE = Automatic;
				COMBINE_HIDPI_IMAGES = YES;
				CURRENT_PROJECT_VERSION = 1;
				DEAD_CODE_STRIPPING = YES;
				DEFINES_MODULE = YES;
				DEVELOPMENT_TEAM = 9ZKA87THTR;
				ENABLE_APP_SANDBOX = YES;
				ENABLE_HARDENED_RUNTIME = YES;
				ENABLE_OUTGOING_NETWORK_CONNECTIONS = YES;
				ENABLE_PREVIEWS = YES;
				ENABLE_RESOURCE_ACCESS_AUDIO_INPUT = YES;
				ENABLE_USER_SELECTED_FILES = readwrite;
				GENERATE_INFOPLIST_FILE = YES;
				INFOPLIST_FILE = NotchToDo/Info.plist;
				INFOPLIST_KEY_LSUIElement = YES;
				INFOPLIST_KEY_NSMicrophoneUsageDescription = "NotchTo-Do needs microphone access to capture your voice after the wake word, processed on-device.";
				INFOPLIST_KEY_NSSpeechRecognitionUsageDescription = "NotchTo-Do uses speech recognition to transcribe your voice locally, network use is off by default.";
				LD_RUNPATH_SEARCH_PATHS = (
					"$(inherited)",
					"@executable_path/../Frameworks",
				);
				MARKETING_VERSION = 0.1.0;
				PRODUCT_BUNDLE_IDENTIFIER = com.notchtodo.app;
				PRODUCT_NAME = "$(TARGET_NAME)";
				PROVISIONING_PROFILE_SPECIFIER = "";
				SWIFT_EMIT_LOC_STRINGS = YES;
				SWIFT_VERSION = 5.10;
			};
			name = Debug;
		};
		A1234567890123456789017C /* Release */ = {
			isa = XCBuildConfiguration;
			buildSettings = {
				ASSETCATALOG_COMPILER_APPICON_NAME = AppIcon;
				ASSETCATALOG_COMPILER_GLOBAL_ACCENT_COLOR_NAME = AccentColor;
				CODE_SIGN_ENTITLEMENTS = NotchToDo/NotchToDo.entitlements;
				CODE_SIGN_IDENTITY = "Apple Development";
				CODE_SIGN_STYLE = Automatic;
				COMBINE_HIDPI_IMAGES = YES;
				CURRENT_PROJECT_VERSION = 1;
				DEAD_CODE_STRIPPING = YES;
				DEFINES_MODULE = YES;
				DEVELOPMENT_TEAM = 9ZKA87THTR;
				ENABLE_APP_SANDBOX = YES;
				ENABLE_HARDENED_RUNTIME = YES;
				ENABLE_OUTGOING_NETWORK_CONNECTIONS = YES;
				ENABLE_PREVIEWS = YES;
				ENABLE_RESOURCE_ACCESS_AUDIO_INPUT = YES;
				ENABLE_USER_SELECTED_FILES = readwrite;
				GENERATE_INFOPLIST_FILE = YES;
				INFOPLIST_FILE = NotchToDo/Info.plist;
				INFOPLIST_KEY_LSUIElement = YES;
				INFOPLIST_KEY_NSMicrophoneUsageDescription = "NotchTo-Do needs microphone access to capture your voice after the wake word, processed on-device.";
				INFOPLIST_KEY_NSSpeechRecognitionUsageDescription = "NotchTo-Do uses speech recognition to transcribe your voice locally, network use is off by default.";
				LD_RUNPATH_SEARCH_PATHS = (
					"$(inherited)",
					"@executable_path/../Frameworks",
				);
				MARKETING_VERSION = 0.1.0;
				PRODUCT_BUNDLE_IDENTIFIER = com.notchtodo.app;
				PRODUCT_NAME = "$(TARGET_NAME)";
				PROVISIONING_PROFILE_SPECIFIER = "";
				SWIFT_EMIT_LOC_STRINGS = YES;
				SWIFT_VERSION = 5.10;
			};
			name = Release;
		};
		D4F1C2BC0000000000000001 /* Debug */ = {
			isa = XCBuildConfiguration;
			buildSettings = {
				ALWAYS_EMBED_SWIFT_STANDARD_LIBRARIES = YES;
				BUNDLE_LOADER = "$(TEST_HOST)";
				CODE_SIGN_STYLE = Automatic;
				DEVELOPMENT_TEAM = 79NA78ALVH;
				GENERATE_INFOPLIST_FILE = YES;
				MACOSX_DEPLOYMENT_TARGET = 13.0;
				PRODUCT_BUNDLE_IDENTIFIER = com.notchtodo.tests;
				PRODUCT_NAME = "$(TARGET_NAME)";
				SWIFT_VERSION = 5.10;
				TEST_HOST = "$(BUILT_PRODUCTS_DIR)/NotchToDo.app/Contents/MacOS/NotchToDo";
			};
			name = Debug;
		};
		D4F1C2BD0000000000000001 /* Release */ = {
			isa = XCBuildConfiguration;
			buildSettings = {
				ALWAYS_EMBED_SWIFT_STANDARD_LIBRARIES = YES;
				BUNDLE_LOADER = "$(TEST_HOST)";
				CODE_SIGN_STYLE = Automatic;
				DEVELOPMENT_TEAM = 79NA78ALVH;
				GENERATE_INFOPLIST_FILE = YES;
				MACOSX_DEPLOYMENT_TARGET = 13.0;
				PRODUCT_BUNDLE_IDENTIFIER = com.notchtodo.tests;
				PRODUCT_NAME = "$(TARGET_NAME)";
				SWIFT_VERSION = 5.10;
				TEST_HOST = "$(BUILT_PRODUCTS_DIR)/NotchToDo.app/Contents/MacOS/NotchToDo";
			};
			name = Release;
		};
/* End XCBuildConfiguration section */

/* Begin XCConfigurationList section */
		A1234567890123456789016A /* Build configuration list for PBXNativeTarget "NotchToDo" */ = {
			isa = XCConfigurationList;
			buildConfigurations = (
				A1234567890123456789017B /* Debug */,
				A1234567890123456789017C /* Release */,
			);
			defaultConfigurationIsVisible = 0;
			defaultConfigurationName = Release;
		};
		A1234567890123456789016E /* Build configuration list for PBXProject "NotchToDo" */ = {
			isa = XCConfigurationList;
			buildConfigurations = (
				A1234567890123456789016F /* Debug */,
				A1234567890123456789017A /* Release */,
			);
			defaultConfigurationIsVisible = 0;
			defaultConfigurationName = Release;
		};
		D4F1C2BB0000000000000001 /* Build configuration list for PBXNativeTarget "NotchToDoTests" */ = {
			isa = XCConfigurationList;
			buildConfigurations = (
				D4F1C2BC0000000000000001 /* Debug */,
				D4F1C2BD0000000000000001 /* Release */,
			);
			defaultConfigurationIsVisible = 0;
			defaultConfigurationName = Release;
		};
/* End XCConfigurationList section */
	};
	rootObject = A1234567890123456789016D /* Project object */;
}
